speakeasyVersion: 1.399.2
sources:
    merge-code-samples-into-spec:
        sourceNamespace: merge-code-samples-into-spec
        sourceRevisionDigest: sha256:acf991a1aa078305bcb0c3a9816255f4911c674865fb74ae5454f75daa4691a2
        sourceBlobDigest: sha256:9096b9d5f95a3d78ab4df654c473fce34ba6939f8139ae4e425da83a9ef1a1f9
        tags:
            - latest
            - main
targets: {}
workflow:
    workflowVersion: 1.0.0
    speakeasyVersion: latest
    sources:
        merge-code-samples-into-spec:
            inputs:
                - location: registry.speakeasyapi.dev/dub/dub/my-first-source
            overlays:
                - location: registry.speakeasyapi.dev/dub/dub/code-samples-typescript-my-first-target:main
                - location: registry.speakeasyapi.dev/dub/dub/code-samples-go-my-first-target:main
                - location: registry.speakeasyapi.dev/dub/dub/code-samples-ruby-my-first-target:main
                - location: registry.speakeasyapi.dev/dub/dub/code-samples-php-my-first-target:main
                - location: registry.speakeasyapi.dev/dub/dub/code-samples-python-my-first-target:main
                - fallbackCodeSamplesLanguage: java
            output: ./openapi-with-code-samples.yaml
            registry:
                location: registry.speakeasyapi.dev/dub/dub/merge-code-samples-into-spec
    targets: {}
