speakeasyVersion: 1.349.2
sources:
    merge-code-samples-into-spec:
        sourceNamespace: merge-code-samples-into-spec
        sourceRevisionDigest: sha256:1e3a22ca425eafa4a21e3d9e50bc0a472b80d8355ca9d425b19a078442b64e0f
        sourceBlobDigest: sha256:4d87750c140a435744bef918789021023a1566418154f46f2dae73e7fa50730c
        tags:
            - latest
            - main
targets: {}
workflow:
    workflowVersion: 1.0.0
    speakeasyVersion: latest
    sources:
        merge-code-samples-into-spec:
            inputs:
                - location: registry.speakeasyapi.dev/dub/dub/my-first-source
            overlays:
                - location: registry.speakeasyapi.dev/dub/dub/code-samples-typescript-my-first-target:main
                - location: registry.speakeasyapi.dev/dub/dub/code-samples-go-my-first-target:main
                - location: registry.speakeasyapi.dev/dub/dub/code-samples-ruby-my-first-target:main
                - location: registry.speakeasyapi.dev/dub/dub/code-samples-php-my-first-target:main
                - location: registry.speakeasyapi.dev/dub/dub/code-samples-python-my-first-target:main
                - fallbackCodeSamplesLanguage: java
            output: ./openapi-with-code-samples.yaml
            registry:
                location: registry.speakeasyapi.dev/dub/dub/merge-code-samples-into-spec
    targets: {}
