speakeasyVersion: 1.405.6
sources:
    merge-code-samples-into-spec:
        sourceNamespace: merge-code-samples-into-spec
        sourceRevisionDigest: sha256:9fe6a766d46ea6bacbfc0bb77d4d0aad4ba50d90c6a32787bd8b0dddde5b7e73
        sourceBlobDigest: sha256:3a8342d9e0d039f9beaa2126ef1769b395023e076371e896e45ce153e8b8cba6
        tags:
            - latest
            - main
targets: {}
workflow:
    workflowVersion: 1.0.0
    speakeasyVersion: latest
    sources:
        merge-code-samples-into-spec:
            inputs:
                - location: registry.speakeasyapi.dev/dub/dub/my-first-source
            overlays:
                - location: registry.speakeasyapi.dev/dub/dub/code-samples-typescript-my-first-target:main
                - location: registry.speakeasyapi.dev/dub/dub/code-samples-go-my-first-target:main
                - location: registry.speakeasyapi.dev/dub/dub/code-samples-ruby-my-first-target:main
                - location: registry.speakeasyapi.dev/dub/dub/code-samples-php-my-first-target:main
                - location: registry.speakeasyapi.dev/dub/dub/code-samples-python-my-first-target:main
                - fallbackCodeSamplesLanguage: java
            output: ./openapi-with-code-samples.yaml
            registry:
                location: registry.speakeasyapi.dev/dub/dub/merge-code-samples-into-spec
    targets: {}
